
Microsoft Visual Studio Solution File, Format Version 12.00
# Visual Studio 15
VisualStudioVersion = 15.0.27004.2005
MinimumVisualStudioVersion = 10.0.40219.1
Project("{FAE04EC0-301F-11D3-BF4B-00C04F79EFBC}") = "lazyimgservice.core", "lazyimgservice.core\lazyimgservice.core.csproj", "{296D9BB2-9CB7-4F8C-B455-120D4CDBD617}"
EndProject
Project("{E53339B2-1760-4266-BCC7-CA923CBCF16C}") = "docker-compose", "docker-compose.dcproj", "{277EEBDD-AE93-4218-AFAB-D619DBD097B7}"
EndProject
Global
	GlobalSection(SolutionConfigurationPlatforms) = preSolution
		Debug|Any CPU = Debug|Any CPU
		Release|Any CPU = Release|Any CPU
	EndGlobalSection
	GlobalSection(ProjectConfigurationPlatforms) = postSolution
		{296D9BB2-9CB7-4F8C-B455-120D4CDBD617}.Debug|Any CPU.ActiveCfg = Debug|Any CPU
		{296D9BB2-9CB7-4F8C-B455-120D4CDBD617}.Debug|Any CPU.Build.0 = Debug|Any CPU
		{296D9BB2-9CB7-4F8C-B455-120D4CDBD617}.Release|Any CPU.ActiveCfg = Release|Any CPU
		{296D9BB2-9CB7-4F8C-B455-120D4CDBD617}.Release|Any CPU.Build.0 = Release|Any CPU
		{277EEBDD-AE93-4218-AFAB-D619DBD097B7}.Debug|Any CPU.ActiveCfg = Debug|Any CPU
		{277EEBDD-AE93-4218-AFAB-D619DBD097B7}.Debug|Any CPU.Build.0 = Debug|Any CPU
		{277EEBDD-AE93-4218-AFAB-D619DBD097B7}.Release|Any CPU.ActiveCfg = Release|Any CPU
		{277EEBDD-AE93-4218-AFAB-D619DBD097B7}.Release|Any CPU.Build.0 = Release|Any CPU
	EndGlobalSection
	GlobalSection(SolutionProperties) = preSolution
		HideSolutionNode = FALSE
	EndGlobalSection
	GlobalSection(ExtensibilityGlobals) = postSolution
		SolutionGuid = {3F9D7BC3-AB64-4B34-9891-6DDA1AD6F8D1}
	EndGlobalSection
EndGlobal
